PODS:
  - Alamofire (4.8.2)
  - SwiftyJSON (5.0.0)
  - XLPagerTabStrip (8.1.0)

DEPENDENCIES:
  - Alamofire
  - SwiftyJSON
  - XLPagerTabStrip

SPEC REPOS:
  https://github.com/cocoapods/specs.git:
    - Alamofire
    - SwiftyJSON
    - XLPagerTabStrip

SPEC CHECKSUMS:
  Alamofire: ae5c501addb7afdbb13687d7f2f722c78734c2d3
  SwiftyJSON: 36413e04c44ee145039d332b4f4e2d3e8d6c4db7
  XLPagerTabStrip: 22d4c58200d7c105e0e407ab6bfd01a5d85014be

PODFILE CHECKSUM: 203c815f117a76f20992fae85c5f4badaf67bc89

COCOAPODS: 1.7.5
